# This file is @generated by PDM.
# It is not intended for manual editing.

[[package]]
name = "configargparse"
version = "1.5.3"
requires_python = ">=2.7, !=3.0.*, !=3.1.*, !=3.2.*, !=3.3.*, !=3.4.*"
summary = "A drop-in replacement for argparse that allows options to also be set via config files and/or environment variables."

[[package]]
name = "nvidia-tensorrt"
version = "99.0.0"
summary = "A high performance deep learning inference library"
dependencies = [
    "tensorrt",
]

[[package]]
name = "tensorrt"
version = "8.6.1"
summary = "A high performance deep learning inference library"

[metadata]
lock_version = "4.2"
cross_platform = true
groups = ["default"]
content_hash = "sha256:8fdd128ae7d145e3d75595e4cfe57029b6726c71e57b006e17caa1a75da114dd"

[metadata.files]
"configargparse 1.5.3" = [
    {url = "https://files.pythonhosted.org/packages/16/05/385451bc8d20a3aa1d8934b32bd65847c100849ebba397dbf6c74566b237/ConfigArgParse-1.5.3.tar.gz", hash = "sha256:1b0b3cbf664ab59dada57123c81eff3d9737e0d11d8cf79e3d6eb10823f1739f"},
    {url = "https://files.pythonhosted.org/packages/af/cb/2a6620656f029b7b49c302853b433fac2c8eda9cbb5a3bc70b186b1b5b90/ConfigArgParse-1.5.3-py3-none-any.whl", hash = "sha256:18f6535a2db9f6e02bd5626cc7455eac3e96b9ab3d969d366f9aafd5c5c00fe7"},
]
"nvidia-tensorrt 99.0.0" = [
    {url = "https://files.pythonhosted.org/packages/54/dc/ce05c69af959a7311115ff32845318c4d81c66834687dd03810f4c6d3851/nvidia_tensorrt-99.0.0-py3-none-manylinux_2_17_x86_64.whl", hash = "sha256:053115ecd0bfba191370c764af842a78388619972d164b2bd77b28ed0302cc02"},
]
"tensorrt 8.6.1" = [
    {url = "https://files.pythonhosted.org/packages/25/d8/081cb57cd77e4be6ce55462b51938b00ac570076f37aade5f5c3cdfa8f82/tensorrt-8.6.1.tar.gz", hash = "sha256:865c8c18d7ea5de4661df276156a3bdb8c4ff5499b1a00844e9d7291ec60fb67"},
]
